// !$*UTF8*$!
{
	archiveVersion = 1;
	classes = {
	};
	objectVersion = 77;
	objects = {

/* Begin PBXBuildFile section */
		A1105A492F3E84A500C7FD09 /* Lottie in Frameworks */ = {isa = PBXBuildFile; productRef = A1105A482F3E84A500C7FD09 /* Lottie */; };
/* End PBXBuildFile section */

/* Begin PBXContainerItemProxy section */
		24E589552F3E84A500C7FD09 /* PBXContainerItemProxy */ = {
			isa = PBXContainerItemProxy;
			containerPortal = 24E5893F2F3E84A200C7FD09 /* Project object */;
			proxyType = 1;
			remoteGlobalIDString = 24E589462F3E84A200C7FD09;
			remoteInfo = StrideBy;
		};
		24E5895F2F3E84A500C7FD09 /* PBXContainerItemProxy */ = {
			isa = PBXContainerItemProxy;
			containerPortal = 24E5893F2F3E84A200C7FD09 /* Project object */;
			proxyType = 1;
			remoteGlobalIDString = 24E589462F3E84A200C7FD09;
			remoteInfo = StrideBy;
		};
/* End PBXContainerItemProxy section */

/* Begin PBXFileReference section */
		24E58A012F3F8E1100C7FD09 /* AppConfig.xcconfig */ = {isa = PBXFileReference; lastKnownFileType = text.xcconfig; path = Config/AppConfig.xcconfig; sourceTree = "<group>"; };
		24E589472F3E84A200C7FD09 /* StrideBy.app */ = {isa = PBXFileReference; explicitFileType = wrapper.application; includeInIndex = 0; path = StrideBy.app; sourceTree = BUILT_PRODUCTS_DIR; };
		24E589542F3E84A500C7FD09 /* StrideByTests.xctest */ = {isa = PBXFileReference; explicitFileType = wrapper.cfbundle; includeInIndex = 0; path = StrideByTests.xctest; sourceTree = BUILT_PRODUCTS_DIR; };
		24E5895E2F3E84A500C7FD09 /* StrideByUITests.xctest */ = {isa = PBXFileReference; explicitFileType = wrapper.cfbundle; includeInIndex = 0; path = StrideByUITests.xctest; sourceTree = BUILT_PRODUCTS_DIR; };
/* End PBXFileReference section */

/* Begin PBXFileSystemSynchronizedBuildFileExceptionSet section */
		24E5899A2F3F818100C7FD09 /* Exceptions for "StrideBy" folder in "StrideBy" target */ = {
			isa = PBXFileSystemSynchronizedBuildFileExceptionSet;
			membershipExceptions = (
				Info.plist,
			);
			target = 24E589462F3E84A200C7FD09 /* StrideBy */;
		};
/* End PBXFileSystemSynchronizedBuildFileExceptionSet section */

/* Begin PBXFileSystemSynchronizedRootGroup section */
		24E589492F3E84A200C7FD09 /* StrideBy */ = {
			isa = PBXFileSystemSynchronizedRootGroup;
			exceptions = (
				24E5899A2F3F818100C7FD09 /* Exceptions for "StrideBy" folder in "StrideBy" target */,
			);
			path = StrideBy;
			sourceTree = "<group>";
		};
		24E589572F3E84A500C7FD09 /* StrideByTests */ = {
			isa = PBXFileSystemSynchronizedRootGroup;
			path = StrideByTests;
			sourceTree = "<group>";
		};
		24E589612F3E84A500C7FD09 /* StrideByUITests */ = {
			isa = PBXFileSystemSynchronizedRootGroup;
			path = StrideByUITests;
			sourceTree = "<group>";
		};
/* End PBXFileSystemSynchronizedRootGroup section */

/* Begin PBXFrameworksBuildPhase section */
		24E589442F3E84A200C7FD09 /* Frameworks */ = {
			isa = PBXFrameworksBuildPhase;
			buildActionMask = 2147483647;
			files = (
				A1105A492F3E84A500C7FD09 /* Lottie in Frameworks */,
			);
			runOnlyForDeploymentPostprocessing = 0;
		};
		24E589512F3E84A500C7FD09 /* Frameworks */ = {
			isa = PBXFrameworksBuildPhase;
			buildActionMask = 2147483647;
			files = (
			);
			runOnlyForDeploymentPostprocessing = 0;
		};
		24E5895B2F3E84A500C7FD09 /* Frameworks */ = {
			isa = PBXFrameworksBuildPhase;
			buildActionMask = 2147483647;
			files = (
			);
			runOnlyForDeploymentPostprocessing = 0;
		};
/* End PBXFrameworksBuildPhase section */

/* Begin PBXGroup section */
		24E5893E2F3E84A200C7FD09 = {
			isa = PBXGroup;
			children = (
				24E589492F3E84A200C7FD09 /* StrideBy */,
				24E589572F3E84A500C7FD09 /* StrideByTests */,
				24E589612F3E84A500C7FD09 /* StrideByUITests */,
				24E589482F3E84A200C7FD09 /* Products */,
			);
			sourceTree = "<group>";
		};
		24E589482F3E84A200C7FD09 /* Products */ = {
			isa = PBXGroup;
			children = (
				24E589472F3E84A200C7FD09 /* StrideBy.app */,
				24E589542F3E84A500C7FD09 /* StrideByTests.xctest */,
				24E5895E2F3E84A500C7FD09 /* StrideByUITests.xctest */,
			);
			name = Products;
			sourceTree = "<group>";
		};
/* End PBXGroup section */

/* Begin PBXNativeTarget section */
		24E589462F3E84A200C7FD09 /* StrideBy */ = {
			isa = PBXNativeTarget;
			buildConfigurationList = 24E589682F3E84A500C7FD09 /* Build configuration list for PBXNativeTarget "StrideBy" */;
			buildPhases = (
				24E589432F3E84A200C7FD09 /* Sources */,
				24E589442F3E84A200C7FD09 /* Frameworks */,
				24E589452F3E84A200C7FD09 /* Resources */,
			);
			buildRules = (
			);
			dependencies = (
			);
			fileSystemSynchronizedGroups = (
				24E589492F3E84A200C7FD09 /* StrideBy */,
			);
			name = StrideBy;
			packageProductDependencies = (
				A1105A482F3E84A500C7FD09 /* Lottie */,
			);
			productName = StrideBy;
			productReference = 24E589472F3E84A200C7FD09 /* StrideBy.app */;
			productType = "com.apple.product-type.application";
		};
		24E589532F3E84A500C7FD09 /* StrideByTests */ = {
			isa = PBXNativeTarget;
			buildConfigurationList = 24E5896B2F3E84A500C7FD09 /* Build configuration list for PBXNativeTarget "StrideByTests" */;
			buildPhases = (
				24E589502F3E84A500C7FD09 /* Sources */,
				24E589512F3E84A500C7FD09 /* Frameworks */,
				24E589522F3E84A500C7FD09 /* Resources */,
			);
			buildRules = (
			);
			dependencies = (
				24E589562F3E84A500C7FD09 /* PBXTargetDependency */,
			);
			fileSystemSynchronizedGroups = (
				24E589572F3E84A500C7FD09 /* StrideByTests */,
			);
			name = StrideByTests;
			packageProductDependencies = (
			);
			productName = StrideByTests;
			productReference = 24E589542F3E84A500C7FD09 /* StrideByTests.xctest */;
			productType = "com.apple.product-type.bundle.unit-test";
		};
		24E5895D2F3E84A500C7FD09 /* StrideByUITests */ = {
			isa = PBXNativeTarget;
			buildConfigurationList = 24E5896E2F3E84A500C7FD09 /* Build configuration list for PBXNativeTarget "StrideByUITests" */;
			buildPhases = (
				24E5895A2F3E84A500C7FD09 /* Sources */,
				24E5895B2F3E84A500C7FD09 /* Frameworks */,
				24E5895C2F3E84A500C7FD09 /* Resources */,
			);
			buildRules = (
			);
			dependencies = (
				24E589602F3E84A500C7FD09 /* PBXTargetDependency */,
			);
			fileSystemSynchronizedGroups = (
				24E589612F3E84A500C7FD09 /* StrideByUITests */,
			);
			name = StrideByUITests;
			packageProductDependencies = (
			);
			productName = StrideByUITests;
			productReference = 24E5895E2F3E84A500C7FD09 /* StrideByUITests.xctest */;
			productType = "com.apple.product-type.bundle.ui-testing";
		};
/* End PBXNativeTarget section */

/* Begin PBXProject section */
		24E5893F2F3E84A200C7FD09 /* Project object */ = {
			isa = PBXProject;
			attributes = {
				BuildIndependentTargetsInParallel = 1;
				LastSwiftUpdateCheck = 2620;
				LastUpgradeCheck = 2620;
				TargetAttributes = {
					24E589462F3E84A200C7FD09 = {
						CreatedOnToolsVersion = 26.2;
					};
					24E589532F3E84A500C7FD09 = {
						CreatedOnToolsVersion = 26.2;
						TestTargetID = 24E589462F3E84A200C7FD09;
					};
					24E5895D2F3E84A500C7FD09 = {
						CreatedOnToolsVersion = 26.2;
						TestTargetID = 24E589462F3E84A200C7FD09;
					};
				};
			};
			buildConfigurationList = 24E589422F3E84A200C7FD09 /* Build configuration list for PBXProject "StrideBy" */;
			developmentRegion = en;
			hasScannedForEncodings = 0;
			knownRegions = (
				en,
				Base,
			);
			mainGroup = 24E5893E2F3E84A200C7FD09;
			minimizedProjectReferenceProxies = 1;
			packageReferences = (
				A1105A472F3E84A500C7FD09 /* XCRemoteSwiftPackageReference "lottie-spm" */,
			);
			preferredProjectObjectVersion = 77;
			productRefGroup = 24E589482F3E84A200C7FD09 /* Products */;
			projectDirPath = "";
			projectRoot = "";
			targets = (
				24E589462F3E84A200C7FD09 /* StrideBy */,
				24E589532F3E84A500C7FD09 /* StrideByTests */,
				24E5895D2F3E84A500C7FD09 /* StrideByUITests */,
			);
		};
/* End PBXProject section */

/* Begin PBXResourcesBuildPhase section */
		24E589452F3E84A200C7FD09 /* Resources */ = {
			isa = PBXResourcesBuildPhase;
			buildActionMask = 2147483647;
			files = (
			);
			runOnlyForDeploymentPostprocessing = 0;
		};
		24E589522F3E84A500C7FD09 /* Resources */ = {
			isa = PBXResourcesBuildPhase;
			buildActionMask = 2147483647;
			files = (
			);
			runOnlyForDeploymentPostprocessing = 0;
		};
		24E5895C2F3E84A500C7FD09 /* Resources */ = {
			isa = PBXResourcesBuildPhase;
			buildActionMask = 2147483647;
			files = (
			);
			runOnlyForDeploymentPostprocessing = 0;
		};
/* End PBXResourcesBuildPhase section */

/* Begin PBXSourcesBuildPhase section */
		24E589432F3E84A200C7FD09 /* Sources */ = {
			isa = PBXSourcesBuildPhase;
			buildActionMask = 2147483647;
			files = (
			);
			runOnlyForDeploymentPostprocessing = 0;
		};
		24E589502F3E84A500C7FD09 /* Sources */ = {
			isa = PBXSourcesBuildPhase;
			buildActionMask = 2147483647;
			files = (
			);
			runOnlyForDeploymentPostprocessing = 0;
		};
		24E5895A2F3E84A500C7FD09 /* Sources */ = {
			isa = PBXSourcesBuildPhase;
			buildActionMask = 2147483647;
			files = (
			);
			runOnlyForDeploymentPostprocessing = 0;
		};
/* End PBXSourcesBuildPhase section */

/* Begin PBXTargetDependency section */
		24E589562F3E84A500C7FD09 /* PBXTargetDependency */ = {
			isa = PBXTargetDependency;
			target = 24E589462F3E84A200C7FD09 /* StrideBy */;
			targetProxy = 24E589552F3E84A500C7FD09 /* PBXContainerItemProxy */;
		};
		24E589602F3E84A500C7FD09 /* PBXTargetDependency */ = {
			isa = PBXTargetDependency;
			target = 24E589462F3E84A200C7FD09 /* StrideBy */;
			targetProxy = 24E5895F2F3E84A500C7FD09 /* PBXContainerItemProxy */;
		};
/* End PBXTargetDependency section */

/* Begin XCBuildConfiguration section */
		24E589662F3E84A500C7FD09 /* Debug */ = {
			isa = XCBuildConfiguration;
			buildSettings = {
				ALWAYS_SEARCH_USER_PATHS = NO;
				ASSETCATALOG_COMPILER_GENERATE_SWIFT_ASSET_SYMBOL_EXTENSIONS = YES;
				CLANG_ANALYZER_NONNULL = YES;
				CLANG_ANALYZER_NUMBER_OBJECT_CONVERSION = YES_AGGRESSIVE;
				CLANG_CXX_LANGUAGE_STANDARD = "gnu++20";
				CLANG_ENABLE_MODULES = YES;
				CLANG_ENABLE_OBJC_ARC = YES;
				CLANG_ENABLE_OBJC_WEAK = YES;
				CLANG_WARN_BLOCK_CAPTURE_AUTORELEASING = YES;
				CLANG_WARN_BOOL_CONVERSION = YES;
				CLANG_WARN_COMMA = YES;
				CLANG_WARN_CONSTANT_CONVERSION = YES;
				CLANG_WARN_DEPRECATED_OBJC_IMPLEMENTATIONS = YES;
				CLANG_WARN_DIRECT_OBJC_ISA_USAGE = YES_ERROR;
				CLANG_WARN_DOCUMENTATION_COMMENTS = YES;
				CLANG_WARN_EMPTY_BODY = YES;
				CLANG_WARN_ENUM_CONVERSION = YES;
				CLANG_WARN_INFINITE_RECURSION = YES;
				CLANG_WARN_INT_CONVERSION = YES;
				CLANG_WARN_NON_LITERAL_NULL_CONVERSION = YES;
				CLANG_WARN_OBJC_IMPLICIT_RETAIN_SELF = YES;
				CLANG_WARN_OBJC_LITERAL_CONVERSION = YES;
				CLANG_WARN_OBJC_ROOT_CLASS = YES_ERROR;
				CLANG_WARN_QUOTED_INCLUDE_IN_FRAMEWORK_HEADER = YES;
				CLANG_WARN_RANGE_LOOP_ANALYSIS = YES;
				CLANG_WARN_STRICT_PROTOTYPES = YES;
				CLANG_WARN_SUSPICIOUS_MOVE = YES;
				CLANG_WARN_UNGUARDED_AVAILABILITY = YES_AGGRESSIVE;
				CLANG_WARN_UNREACHABLE_CODE = YES;
				CLANG_WARN__DUPLICATE_METHOD_MATCH = YES;
				COPY_PHASE_STRIP = NO;
				DEBUG_INFORMATION_FORMAT = dwarf;
				DEVELOPMENT_TEAM = D6YAB93NM9;
				ENABLE_STRICT_OBJC_MSGSEND = YES;
				ENABLE_TESTABILITY = YES;
				ENABLE_USER_SCRIPT_SANDBOXING = YES;
				GCC_C_LANGUAGE_STANDARD = gnu17;
				GCC_DYNAMIC_NO_PIC = NO;
				GCC_NO_COMMON_BLOCKS = YES;
				GCC_OPTIMIZATION_LEVEL = 0;
				GCC_PREPROCESSOR_DEFINITIONS = (
					"DEBUG=1",
					"$(inherited)",
				);
				GCC_WARN_64_TO_32_BIT_CONVERSION = YES;
				GCC_WARN_ABOUT_RETURN_TYPE = YES_ERROR;
				GCC_WARN_UNDECLARED_SELECTOR = YES;
				GCC_WARN_UNINITIALIZED_AUTOS = YES_AGGRESSIVE;
				GCC_WARN_UNUSED_FUNCTION = YES;
				GCC_WARN_UNUSED_VARIABLE = YES;
				IPHONEOS_DEPLOYMENT_TARGET = 26.2;
				LOCALIZATION_PREFERS_STRING_CATALOGS = YES;
				MTL_ENABLE_DEBUG_INFO = INCLUDE_SOURCE;
				MTL_FAST_MATH = YES;
				ONLY_ACTIVE_ARCH = YES;
				SDKROOT = iphoneos;
				SWIFT_ACTIVE_COMPILATION_CONDITIONS = "DEBUG $(inherited)";
				SWIFT_OPTIMIZATION_LEVEL = "-Onone";
			};
			name = Debug;
		};
		24E589672F3E84A500C7FD09 /* Release */ = {
			isa = XCBuildConfiguration;
			buildSettings = {
				ALWAYS_SEARCH_USER_PATHS = NO;
				ASSETCATALOG_COMPILER_GENERATE_SWIFT_ASSET_SYMBOL_EXTENSIONS = YES;
				CLANG_ANALYZER_NONNULL = YES;
				CLANG_ANALYZER_NUMBER_OBJECT_CONVERSION = YES_AGGRESSIVE;
				CLANG_CXX_LANGUAGE_STANDARD = "gnu++20";
				CLANG_ENABLE_MODULES = YES;
				CLANG_ENABLE_OBJC_ARC = YES;
				CLANG_ENABLE_OBJC_WEAK = YES;
				CLANG_WARN_BLOCK_CAPTURE_AUTORELEASING = YES;
				CLANG_WARN_BOOL_CONVERSION = YES;
				CLANG_WARN_COMMA = YES;
				CLANG_WARN_CONSTANT_CONVERSION = YES;
				CLANG_WARN_DEPRECATED_OBJC_IMPLEMENTATIONS = YES;
				CLANG_WARN_DIRECT_OBJC_ISA_USAGE = YES_ERROR;
				CLANG_WARN_DOCUMENTATION_COMMENTS = YES;
				CLANG_WARN_EMPTY_BODY = YES;
				CLANG_WARN_ENUM_CONVERSION = YES;
				CLANG_WARN_INFINITE_RECURSION = YES;
				CLANG_WARN_INT_CONVERSION = YES;
				CLANG_WARN_NON_LITERAL_NULL_CONVERSION = YES;
				CLANG_WARN_OBJC_IMPLICIT_RETAIN_SELF = YES;
				CLANG_WARN_OBJC_LITERAL_CONVERSION = YES;
				CLANG_WARN_OBJC_ROOT_CLASS = YES_ERROR;
				CLANG_WARN_QUOTED_INCLUDE_IN_FRAMEWORK_HEADER = YES;
				CLANG_WARN_RANGE_LOOP_ANALYSIS = YES;
				CLANG_WARN_STRICT_PROTOTYPES = YES;
				CLANG_WARN_SUSPICIOUS_MOVE = YES;
				CLANG_WARN_UNGUARDED_AVAILABILITY = YES_AGGRESSIVE;
				CLANG_WARN_UNREACHABLE_CODE = YES;
				CLANG_WARN__DUPLICATE_METHOD_MATCH = YES;
				COPY_PHASE_STRIP = NO;
				DEBUG_INFORMATION_FORMAT = "dwarf-with-dsym";
				DEVELOPMENT_TEAM = D6YAB93NM9;
				ENABLE_NS_ASSERTIONS = NO;
				ENABLE_STRICT_OBJC_MSGSEND = YES;
				ENABLE_USER_SCRIPT_SANDBOXING = YES;
				GCC_C_LANGUAGE_STANDARD = gnu17;
				GCC_NO_COMMON_BLOCKS = YES;
				GCC_WARN_64_TO_32_BIT_CONVERSION = YES;
				GCC_WARN_ABOUT_RETURN_TYPE = YES_ERROR;
				GCC_WARN_UNDECLARED_SELECTOR = YES;
				GCC_WARN_UNINITIALIZED_AUTOS = YES_AGGRESSIVE;
				GCC_WARN_UNUSED_FUNCTION = YES;
				GCC_WARN_UNUSED_VARIABLE = YES;
				IPHONEOS_DEPLOYMENT_TARGET = 26.2;
				LOCALIZATION_PREFERS_STRING_CATALOGS = YES;
				MTL_ENABLE_DEBUG_INFO = NO;
				MTL_FAST_MATH = YES;
				SDKROOT = iphoneos;
				SWIFT_COMPILATION_MODE = wholemodule;
				VALIDATE_PRODUCT = YES;
			};
			name = Release;
		};
		24E589692F3E84A500C7FD09 /* Debug */ = {
			isa = XCBuildConfiguration;
			baseConfigurationReference = 24E58A012F3F8E1100C7FD09 /* AppConfig.xcconfig */;
			buildSettings = {
				ASSETCATALOG_COMPILER_APPICON_NAME = AppIcon;
				ASSETCATALOG_COMPILER_GLOBAL_ACCENT_COLOR_NAME = AccentColor;
				CODE_SIGN_STYLE = Automatic;
				CURRENT_PROJECT_VERSION = 1;
				DEVELOPMENT_TEAM = D6YAB93NM9;
				ENABLE_PREVIEWS = YES;
				GENERATE_INFOPLIST_FILE = YES;
				INFOPLIST_FILE = StrideBy/Info.plist;
				INFOPLIST_KEY_UIApplicationSceneManifest_Generation = YES;
				INFOPLIST_KEY_UIApplicationSupportsIndirectInputEvents = YES;
				INFOPLIST_KEY_UILaunchScreen_Generation = YES;
				INFOPLIST_KEY_UISupportedInterfaceOrientations_iPad = "UIInterfaceOrientationPortrait UIInterfaceOrientationPortraitUpsideDown UIInterfaceOrientationLandscapeLeft UIInterfaceOrientationLandscapeRight";
				INFOPLIST_KEY_UISupportedInterfaceOrientations_iPhone = "UIInterfaceOrientationPortrait UIInterfaceOrientationLandscapeLeft UIInterfaceOrientationLandscapeRight";
				LD_RUNPATH_SEARCH_PATHS = (
					"$(inherited)",
					"@executable_path/Frameworks",
				);
				MARKETING_VERSION = 1.0;
				PRODUCT_BUNDLE_IDENTIFIER = com.braint.StrideBy;
				PRODUCT_NAME = "$(TARGET_NAME)";
				STRING_CATALOG_GENERATE_SYMBOLS = YES;
				SWIFT_APPROACHABLE_CONCURRENCY = YES;
				SWIFT_DEFAULT_ACTOR_ISOLATION = MainActor;
				SWIFT_EMIT_LOC_STRINGS = YES;
				SWIFT_UPCOMING_FEATURE_MEMBER_IMPORT_VISIBILITY = YES;
				SWIFT_VERSION = 5.0;
				TARGETED_DEVICE_FAMILY = "1,2";
			};
			name = Debug;
		};
		24E5896A2F3E84A500C7FD09 /* Release */ = {
			isa = XCBuildConfiguration;
			baseConfigurationReference = 24E58A012F3F8E1100C7FD09 /* AppConfig.xcconfig */;
			buildSettings = {
				ASSETCATALOG_COMPILER_APPICON_NAME = AppIcon;
				ASSETCATALOG_COMPILER_GLOBAL_ACCENT_COLOR_NAME = AccentColor;
				CODE_SIGN_STYLE = Automatic;
				CURRENT_PROJECT_VERSION = 1;
				DEVELOPMENT_TEAM = D6YAB93NM9;
				ENABLE_PREVIEWS = YES;
				GENERATE_INFOPLIST_FILE = YES;
				INFOPLIST_FILE = StrideBy/Info.plist;
				INFOPLIST_KEY_UIApplicationSceneManifest_Generation = YES;
				INFOPLIST_KEY_UIApplicationSupportsIndirectInputEvents = YES;
				INFOPLIST_KEY_UILaunchScreen_Generation = YES;
				INFOPLIST_KEY_UISupportedInterfaceOrientations_iPad = "UIInterfaceOrientationPortrait UIInterfaceOrientationPortraitUpsideDown UIInterfaceOrientationLandscapeLeft UIInterfaceOrientationLandscapeRight";
				INFOPLIST_KEY_UISupportedInterfaceOrientations_iPhone = "UIInterfaceOrientationPortrait UIInterfaceOrientationLandscapeLeft UIInterfaceOrientationLandscapeRight";
				LD_RUNPATH_SEARCH_PATHS = (
					"$(inherited)",
					"@executable_path/Frameworks",
				);
				MARKETING_VERSION = 1.0;
				PRODUCT_BUNDLE_IDENTIFIER = com.braint.StrideBy;
				PRODUCT_NAME = "$(TARGET_NAME)";
				STRING_CATALOG_GENERATE_SYMBOLS = YES;
				SWIFT_APPROACHABLE_CONCURRENCY = YES;
				SWIFT_DEFAULT_ACTOR_ISOLATION = MainActor;
				SWIFT_EMIT_LOC_STRINGS = YES;
				SWIFT_UPCOMING_FEATURE_MEMBER_IMPORT_VISIBILITY = YES;
				SWIFT_VERSION = 5.0;
				TARGETED_DEVICE_FAMILY = "1,2";
			};
			name = Release;
		};
		24E5896C2F3E84A500C7FD09 /* Debug */ = {
			isa = XCBuildConfiguration;
			buildSettings = {
				BUNDLE_LOADER = "$(TEST_HOST)";
				CODE_SIGN_STYLE = Automatic;
				CURRENT_PROJECT_VERSION = 1;
				DEVELOPMENT_TEAM = D6YAB93NM9;
				GENERATE_INFOPLIST_FILE = YES;
				IPHONEOS_DEPLOYMENT_TARGET = 26.2;
				MARKETING_VERSION = 1.0;
				PRODUCT_BUNDLE_IDENTIFIER = com.braint.StrideByTests;
				PRODUCT_NAME = "$(TARGET_NAME)";
				STRING_CATALOG_GENERATE_SYMBOLS = NO;
				SWIFT_APPROACHABLE_CONCURRENCY = YES;
				SWIFT_EMIT_LOC_STRINGS = NO;
				SWIFT_UPCOMING_FEATURE_MEMBER_IMPORT_VISIBILITY = YES;
				SWIFT_VERSION = 5.0;
				TARGETED_DEVICE_FAMILY = "1,2";
				TEST_HOST = "$(BUILT_PRODUCTS_DIR)/StrideBy.app/$(BUNDLE_EXECUTABLE_FOLDER_PATH)/StrideBy";
			};
			name = Debug;
		};
		24E5896D2F3E84A500C7FD09 /* Release */ = {
			isa = XCBuildConfiguration;
			buildSettings = {
				BUNDLE_LOADER = "$(TEST_HOST)";
				CODE_SIGN_STYLE = Automatic;
				CURRENT_PROJECT_VERSION = 1;
				DEVELOPMENT_TEAM = D6YAB93NM9;
				GENERATE_INFOPLIST_FILE = YES;
				IPHONEOS_DEPLOYMENT_TARGET = 26.2;
				MARKETING_VERSION = 1.0;
				PRODUCT_BUNDLE_IDENTIFIER = com.braint.StrideByTests;
				PRODUCT_NAME = "$(TARGET_NAME)";
				STRING_CATALOG_GENERATE_SYMBOLS = NO;
				SWIFT_APPROACHABLE_CONCURRENCY = YES;
				SWIFT_EMIT_LOC_STRINGS = NO;
				SWIFT_UPCOMING_FEATURE_MEMBER_IMPORT_VISIBILITY = YES;
				SWIFT_VERSION = 5.0;
				TARGETED_DEVICE_FAMILY = "1,2";
				TEST_HOST = "$(BUILT_PRODUCTS_DIR)/StrideBy.app/$(BUNDLE_EXECUTABLE_FOLDER_PATH)/StrideBy";
			};
			name = Release;
		};
		24E5896F2F3E84A500C7FD09 /* Debug */ = {
			isa = XCBuildConfiguration;
			buildSettings = {
				CODE_SIGN_STYLE = Automatic;
				CURRENT_PROJECT_VERSION = 1;
				DEVELOPMENT_TEAM = D6YAB93NM9;
				GENERATE_INFOPLIST_FILE = YES;
				MARKETING_VERSION = 1.0;
				PRODUCT_BUNDLE_IDENTIFIER = com.braint.StrideByUITests;
				PRODUCT_NAME = "$(TARGET_NAME)";
				STRING_CATALOG_GENERATE_SYMBOLS = NO;
				SWIFT_APPROACHABLE_CONCURRENCY = YES;
				SWIFT_EMIT_LOC_STRINGS = NO;
				SWIFT_UPCOMING_FEATURE_MEMBER_IMPORT_VISIBILITY = YES;
				SWIFT_VERSION = 5.0;
				TARGETED_DEVICE_FAMILY = "1,2";
				TEST_TARGET_NAME = StrideBy;
			};
			name = Debug;
		};
		24E589702F3E84A500C7FD09 /* Release */ = {
			isa = XCBuildConfiguration;
			buildSettings = {
				CODE_SIGN_STYLE = Automatic;
				CURRENT_PROJECT_VERSION = 1;
				DEVELOPMENT_TEAM = D6YAB93NM9;
				GENERATE_INFOPLIST_FILE = YES;
				MARKETING_VERSION = 1.0;
				PRODUCT_BUNDLE_IDENTIFIER = com.braint.StrideByUITests;
				PRODUCT_NAME = "$(TARGET_NAME)";
				STRING_CATALOG_GENERATE_SYMBOLS = NO;
				SWIFT_APPROACHABLE_CONCURRENCY = YES;
				SWIFT_EMIT_LOC_STRINGS = NO;
				SWIFT_UPCOMING_FEATURE_MEMBER_IMPORT_VISIBILITY = YES;
				SWIFT_VERSION = 5.0;
				TARGETED_DEVICE_FAMILY = "1,2";
				TEST_TARGET_NAME = StrideBy;
			};
			name = Release;
		};
/* End XCBuildConfiguration section */

/* Begin XCConfigurationList section */
		24E589422F3E84A200C7FD09 /* Build configuration list for PBXProject "StrideBy" */ = {
			isa = XCConfigurationList;
			buildConfigurations = (
				24E589662F3E84A500C7FD09 /* Debug */,
				24E589672F3E84A500C7FD09 /* Release */,
			);
			defaultConfigurationIsVisible = 0;
			defaultConfigurationName = Release;
		};
		24E589682F3E84A500C7FD09 /* Build configuration list for PBXNativeTarget "StrideBy" */ = {
			isa = XCConfigurationList;
			buildConfigurations = (
				24E589692F3E84A500C7FD09 /* Debug */,
				24E5896A2F3E84A500C7FD09 /* Release */,
			);
			defaultConfigurationIsVisible = 0;
			defaultConfigurationName = Release;
		};
		24E5896B2F3E84A500C7FD09 /* Build configuration list for PBXNativeTarget "StrideByTests" */ = {
			isa = XCConfigurationList;
			buildConfigurations = (
				24E5896C2F3E84A500C7FD09 /* Debug */,
				24E5896D2F3E84A500C7FD09 /* Release */,
			);
			defaultConfigurationIsVisible = 0;
			defaultConfigurationName = Release;
		};
		24E5896E2F3E84A500C7FD09 /* Build configuration list for PBXNativeTarget "StrideByUITests" */ = {
			isa = XCConfigurationList;
			buildConfigurations = (
				24E5896F2F3E84A500C7FD09 /* Debug */,
				24E589702F3E84A500C7FD09 /* Release */,
			);
			defaultConfigurationIsVisible = 0;
			defaultConfigurationName = Release;
		};
/* End XCConfigurationList section */

/* Begin XCRemoteSwiftPackageReference section */
		A1105A472F3E84A500C7FD09 /* XCRemoteSwiftPackageReference "lottie-spm" */ = {
			isa = XCRemoteSwiftPackageReference;
			repositoryURL = "https://github.com/airbnb/lottie-spm.git";
			requirement = {
				kind = upToNextMajorVersion;
				minimumVersion = 4.5.2;
			};
		};
/* End XCRemoteSwiftPackageReference section */

/* Begin XCSwiftPackageProductDependency section */
		A1105A482F3E84A500C7FD09 /* Lottie */ = {
			isa = XCSwiftPackageProductDependency;
			package = A1105A472F3E84A500C7FD09 /* XCRemoteSwiftPackageReference "lottie-spm" */;
			productName = Lottie;
		};
/* End XCSwiftPackageProductDependency section */
	};
	rootObject = 24E5893F2F3E84A200C7FD09 /* Project object */;
}
